
Microsoft Visual Studio Solution File, Format Version 12.00
# Visual Studio Version 17
VisualStudioVersion = 17.4.33213.308
MinimumVisualStudioVersion = 10.0.40219.1
Project("{FAE04EC0-301F-11D3-BF4B-00C04F79EFBC}") = "BackgroundWorkerBlazorConsole", "BackgroundWorkerBlazorConsole\BackgroundWorkerBlazorConsole.csproj", "{643F818A-F2D8-4EAF-9A23-2E216EC5825B}"
EndProject
Global
	GlobalSection(SolutionConfigurationPlatforms) = preSolution
		Debug|Any CPU = Debug|Any CPU
		Release|Any CPU = Release|Any CPU
	EndGlobalSection
	GlobalSection(ProjectConfigurationPlatforms) = postSolution
		{643F818A-F2D8-4EAF-9A23-2E216EC5825B}.Debug|Any CPU.ActiveCfg = Debug|Any CPU
		{643F818A-F2D8-4EAF-9A23-2E216EC5825B}.Debug|Any CPU.Build.0 = Debug|Any CPU
		{643F818A-F2D8-4EAF-9A23-2E216EC5825B}.Release|Any CPU.ActiveCfg = Release|Any CPU
		{643F818A-F2D8-4EAF-9A23-2E216EC5825B}.Release|Any CPU.Build.0 = Release|Any CPU
	EndGlobalSection
	GlobalSection(SolutionProperties) = preSolution
		HideSolutionNode = FALSE
	EndGlobalSection
	GlobalSection(ExtensibilityGlobals) = postSolution
		SolutionGuid = {C1060989-8444-40C4-9062-EEB70A5027F5}
	EndGlobalSection
EndGlobal
